{
  "name": "example",
  "lockfileVersion": 3,
  "requires": true,
  "packages": {
    "": {
      "dependencies": {
        "@unternet/kernel": "file:.."
      },
      "devDependencies": {
        "dotenv": "^16.4.7"
      }
    },
    "..": {
      "name": "@unternet/kernel",
      "version": "1.0.0",
      "license": "ISC",
      "dependencies": {
        "@ai-sdk/openai": "^1.0.10",
        "@unternet/kernel": "file:",
        "@web-applets/sdk": "^0.1.5",
        "ai": "^4.0.20",
        "ollama-ai-provider": "^1.2.0",
        "openai": "^4.76.1"
      },
      "devDependencies": {
        "typescript": "^5.8.2"
      }
    },
    "node_modules/@unternet/kernel": {
      "resolved": "..",
      "link": true
    },
    "node_modules/dotenv": {
      "version": "16.4.7",
      "resolved": "https://registry.npmjs.org/dotenv/-/dotenv-16.4.7.tgz",
      "integrity": "sha512-47qPchRCykZC03FhkYAhrvwU4xDBFIj1QPqaarj6mdM/hgUzfPHcpkHJOn3mJAufFeeAxAzeGsr5X0M4k6fLZQ==",
      "dev": true,
      "license": "BSD-2-Clause",
      "engines": {
        "node": ">=12"
      },
      "funding": {
        "url": "https://dotenvx.com"
      }
    }
  }
}
